packages:
  apb:
    revision: 77ddf073f194d44b9119949d2421be59789e69ae
    version: 0.2.4
    source:
      Git: https://github.com/pulp-platform/apb.git
    dependencies:
    - common_cells
  axi:
    revision: 2f395b176bee1c769c80f060a4345fda965bb04b
    version: 0.38.0
    source:
      Git: https://github.com/pulp-platform/axi.git
    dependencies:
    - common_cells
    - common_verification
    - tech_cells_generic
  cluster_interconnect:
    revision: 7d0a4f8acae71a583a6713cab5554e60b9bb8d27
    version: 1.2.1
    source:
      Git: https://github.com/pulp-platform/cluster_interconnect.git
    dependencies:
    - common_cells
  common_cells:
    revision: 0d67563b6b592549542544f1abc0f43e5d4ee8b4
    version: 1.35.0
    source:
      Git: https://github.com/pulp-platform/common_cells.git
    dependencies:
    - common_verification
    - tech_cells_generic
  common_verification:
    revision: 9c07fa860593b2caabd9b5681740c25fac04b878
    version: 0.2.3
    source:
      Git: https://github.com/pulp-platform/common_verification.git
    dependencies: []
  cv32e40p:
    revision: 800a09d97a1e9418e127e8bbf1763c1d1097c92f
    version: null
    source:
      Git: https://github.com/pulp-platform/cv32e40p.git
    dependencies:
    - common_cells
    - fpnew
    - tech_cells_generic
  fpnew:
    revision: a8e0cba6dd50f357ece73c2c955d96efc3c6c315
    version: null
    source:
      Git: https://github.com/pulp-platform/cvfpu.git
    dependencies:
    - common_cells
    - fpu_div_sqrt_mvp
  fpu_div_sqrt_mvp:
    revision: 86e1f558b3c95e91577c41b2fc452c86b04e85ac
    version: 1.0.4
    source:
      Git: https://github.com/pulp-platform/fpu_div_sqrt_mvp.git
    dependencies:
    - common_cells
  hci:
    revision: 97c8d93f513595e7392078ba2ee4bda50fe1e395
    version: null
    source:
      Git: https://github.com/pulp-platform/hci.git
    dependencies:
    - cluster_interconnect
    - common_cells
    - hwpe-stream
    - l2_tcdm_hybrid_interco
    - redundancy_cells
    - register_interface
  hwpe-ctrl:
    revision: a5966201aeeb988d607accdc55da933a53c6a56e
    version: null
    source:
      Git: https://github.com/pulp-platform/hwpe-ctrl.git
    dependencies:
    - tech_cells_generic
  hwpe-stream:
    revision: 65c99a4a2f37a79acee800ab0151f67dfb1edef1
    version: 1.8.0
    source:
      Git: https://github.com/pulp-platform/hwpe-stream.git
    dependencies:
    - tech_cells_generic
  l2_tcdm_hybrid_interco:
    revision: fa55e72859dcfb117a2788a77352193bef94ff2b
    version: 1.0.0
    source:
      Git: https://github.com/pulp-platform/L2_tcdm_hybrid_interco.git
    dependencies: []
  redundancy_cells:
    revision: c37bdb47339bf70e8323de8df14ea8bbeafb6583
    version: null
    source:
      Git: https://github.com/pulp-platform/redundancy_cells.git
    dependencies:
    - common_cells
    - common_verification
    - register_interface
    - tech_cells_generic
  register_interface:
    revision: 146501d80052b61475cdc333d3aab4cd769fd5dc
    version: 0.3.9
    source:
      Git: https://github.com/pulp-platform/register_interface.git
    dependencies:
    - apb
    - axi
    - common_cells
  tech_cells_generic:
    revision: 7968dd6e6180df2c644636bc6d2908a49f2190cf
    version: 0.2.13
    source:
      Git: https://github.com/pulp-platform/tech_cells_generic.git
    dependencies:
    - common_verification
